
Microsoft Visual Studio Solution File, Format Version 12.00
# Visual Studio Version 16
VisualStudioVersion = 16.0.29926.136
MinimumVisualStudioVersion = 10.0.40219.1
Project("{FAE04EC0-301F-11D3-BF4B-00C04F79EFBC}") = "IndentityTest2", "IndentityTest2\IndentityTest2.csproj", "{623ED2C6-3793-46B3-8FEB-F66AC67708FD}"
EndProject
Global
	GlobalSection(SolutionConfigurationPlatforms) = preSolution
		Debug|Any CPU = Debug|Any CPU
		Release|Any CPU = Release|Any CPU
	EndGlobalSection
	GlobalSection(ProjectConfigurationPlatforms) = postSolution
		{623ED2C6-3793-46B3-8FEB-F66AC67708FD}.Debug|Any CPU.ActiveCfg = Debug|Any CPU
		{623ED2C6-3793-46B3-8FEB-F66AC67708FD}.Debug|Any CPU.Build.0 = Debug|Any CPU
		{623ED2C6-3793-46B3-8FEB-F66AC67708FD}.Release|Any CPU.ActiveCfg = Release|Any CPU
		{623ED2C6-3793-46B3-8FEB-F66AC67708FD}.Release|Any CPU.Build.0 = Release|Any CPU
	EndGlobalSection
	GlobalSection(SolutionProperties) = preSolution
		HideSolutionNode = FALSE
	EndGlobalSection
	GlobalSection(ExtensibilityGlobals) = postSolution
		SolutionGuid = {6937644E-5692-40FB-80D8-C1A4D626BFB9}
	EndGlobalSection
EndGlobal
